
Microsoft Visual Studio Solution File, Format Version 12.00
# Visual Studio 15
VisualStudioVersion = 15.0.27130.2027
MinimumVisualStudioVersion = 10.0.40219.1
Project("{FAE04EC0-301F-11D3-BF4B-00C04F79EFBC}") = "UrodzinyJasia", "UrodzinyJasia\UrodzinyJasia.csproj", "{4AFEAAF0-BD6C-4F84-8B72-C58A8415A64D}"
EndProject
Global
	GlobalSection(SolutionConfigurationPlatforms) = preSolution
		Debug|Any CPU = Debug|Any CPU
		Release|Any CPU = Release|Any CPU
	EndGlobalSection
	GlobalSection(ProjectConfigurationPlatforms) = postSolution
		{4AFEAAF0-BD6C-4F84-8B72-C58A8415A64D}.Debug|Any CPU.ActiveCfg = Debug|Any CPU
		{4AFEAAF0-BD6C-4F84-8B72-C58A8415A64D}.Debug|Any CPU.Build.0 = Debug|Any CPU
		{4AFEAAF0-BD6C-4F84-8B72-C58A8415A64D}.Release|Any CPU.ActiveCfg = Release|Any CPU
		{4AFEAAF0-BD6C-4F84-8B72-C58A8415A64D}.Release|Any CPU.Build.0 = Release|Any CPU
	EndGlobalSection
	GlobalSection(SolutionProperties) = preSolution
		HideSolutionNode = FALSE
	EndGlobalSection
	GlobalSection(ExtensibilityGlobals) = postSolution
		SolutionGuid = {4DBBD41D-2A16-472F-A1AD-A5C3380070C5}
	EndGlobalSection
EndGlobal
